// !$*UTF8*$!
{
	archiveVersion = 1;
	classes = {
	};
	objectVersion = 46;
	objects = {

/* Begin PBXBuildFile section */
		3FDC93061ECA7CDF00A5CF96 /* NewLoginViewController.swift in Sources */ = {isa = PBXBuildFile; fileRef = 3FDC93051ECA7CDF00A5CF96 /* NewLoginViewController.swift */; };
		5B23F8E01EC02DC000F24EC9 /* AppDelegate.swift in Sources */ = {isa = PBXBuildFile; fileRef = 5B23F8DF1EC02DC000F24EC9 /* AppDelegate.swift */; };
		5B23F8E21EC02DC000F24EC9 /* ViewController.swift in Sources */ = {isa = PBXBuildFile; fileRef = 5B23F8E11EC02DC000F24EC9 /* ViewController.swift */; };
		5B23F8E51EC02DC000F24EC9 /* Main.storyboard in Resources */ = {isa = PBXBuildFile; fileRef = 5B23F8E31EC02DC000F24EC9 /* Main.storyboard */; };
		5B23F8E71EC02DC000F24EC9 /* Assets.xcassets in Resources */ = {isa = PBXBuildFile; fileRef = 5B23F8E61EC02DC000F24EC9 /* Assets.xcassets */; };
		5B23F8EA1EC02DC000F24EC9 /* LaunchScreen.storyboard in Resources */ = {isa = PBXBuildFile; fileRef = 5B23F8E81EC02DC000F24EC9 /* LaunchScreen.storyboard */; };
		5B23F8F51EC02DC000F24EC9 /* FirstStepTests.swift in Sources */ = {isa = PBXBuildFile; fileRef = 5B23F8F41EC02DC000F24EC9 /* FirstStepTests.swift */; };
		5B23F9001EC02DC000F24EC9 /* FirstStepUITests.swift in Sources */ = {isa = PBXBuildFile; fileRef = 5B23F8FF1EC02DC000F24EC9 /* FirstStepUITests.swift */; };
		5B23F9101EC03AD200F24EC9 /* SignupViewController.swift in Sources */ = {isa = PBXBuildFile; fileRef = 5B23F90F1EC03AD200F24EC9 /* SignupViewController.swift */; };
		5B8869441EC04598005A52BA /* HomeViewController.swift in Sources */ = {isa = PBXBuildFile; fileRef = 5B8869431EC04598005A52BA /* HomeViewController.swift */; };
		5B8869461EC048B4005A52BA /* VerifyEmailViewController.swift in Sources */ = {isa = PBXBuildFile; fileRef = 5B8869451EC048B4005A52BA /* VerifyEmailViewController.swift */; };
		5B88694A1EC048F6005A52BA /* ProfileSetupViewController.swift in Sources */ = {isa = PBXBuildFile; fileRef = 5B8869491EC048F6005A52BA /* ProfileSetupViewController.swift */; };
/* End PBXBuildFile section */

/* Begin PBXContainerItemProxy section */
		5B23F8F11EC02DC000F24EC9 /* PBXContainerItemProxy */ = {
			isa = PBXContainerItemProxy;
			containerPortal = 5B23F8D41EC02DC000F24EC9 /* Project object */;
			proxyType = 1;
			remoteGlobalIDString = 5B23F8DB1EC02DC000F24EC9;
			remoteInfo = FirstStep;
		};
		5B23F8FC1EC02DC000F24EC9 /* PBXContainerItemProxy */ = {
			isa = PBXContainerItemProxy;
			containerPortal = 5B23F8D41EC02DC000F24EC9 /* Project object */;
			proxyType = 1;
			remoteGlobalIDString = 5B23F8DB1EC02DC000F24EC9;
			remoteInfo = FirstStep;
		};
/* End PBXContainerItemProxy section */

/* Begin PBXFileReference section */
		3FDC93051ECA7CDF00A5CF96 /* NewLoginViewController.swift */ = {isa = PBXFileReference; fileEncoding = 4; lastKnownFileType = sourcecode.swift; path = NewLoginViewController.swift; sourceTree = "<group>"; };
		5B23F8DC1EC02DC000F24EC9 /* FirstStep.app */ = {isa = PBXFileReference; explicitFileType = wrapper.application; includeInIndex = 0; path = FirstStep.app; sourceTree = BUILT_PRODUCTS_DIR; };
		5B23F8DF1EC02DC000F24EC9 /* AppDelegate.swift */ = {isa = PBXFileReference; lastKnownFileType = sourcecode.swift; path = AppDelegate.swift; sourceTree = "<group>"; };
		5B23F8E11EC02DC000F24EC9 /* ViewController.swift */ = {isa = PBXFileReference; lastKnownFileType = sourcecode.swift; path = ViewController.swift; sourceTree = "<group>"; };
		5B23F8E41EC02DC000F24EC9 /* Base */ = {isa = PBXFileReference; lastKnownFileType = file.storyboard; name = Base; path = Base.lproj/Main.storyboard; sourceTree = "<group>"; };
		5B23F8E61EC02DC000F24EC9 /* Assets.xcassets */ = {isa = PBXFileReference; lastKnownFileType = folder.assetcatalog; path = Assets.xcassets; sourceTree = "<group>"; };
		5B23F8E91EC02DC000F24EC9 /* Base */ = {isa = PBXFileReference; lastKnownFileType = file.storyboard; name = Base; path = Base.lproj/LaunchScreen.storyboard; sourceTree = "<group>"; };
		5B23F8EB1EC02DC000F24EC9 /* Info.plist */ = {isa = PBXFileReference; lastKnownFileType = text.plist.xml; path = Info.plist; sourceTree = "<group>"; };
		5B23F8F01EC02DC000F24EC9 /* FirstStepTests.xctest */ = {isa = PBXFileReference; explicitFileType = wrapper.cfbundle; includeInIndex = 0; path = FirstStepTests.xctest; sourceTree = BUILT_PRODUCTS_DIR; };
		5B23F8F41EC02DC000F24EC9 /* FirstStepTests.swift */ = {isa = PBXFileReference; lastKnownFileType = sourcecode.swift; path = FirstStepTests.swift; sourceTree = "<group>"; };
		5B23F8F61EC02DC000F24EC9 /* Info.plist */ = {isa = PBXFileReference; lastKnownFileType = text.plist.xml; path = Info.plist; sourceTree = "<group>"; };
		5B23F8FB1EC02DC000F24EC9 /* FirstStepUITests.xctest */ = {isa = PBXFileReference; explicitFileType = wrapper.cfbundle; includeInIndex = 0; path = FirstStepUITests.xctest; sourceTree = BUILT_PRODUCTS_DIR; };
		5B23F8FF1EC02DC000F24EC9 /* FirstStepUITests.swift */ = {isa = PBXFileReference; lastKnownFileType = sourcecode.swift; path = FirstStepUITests.swift; sourceTree = "<group>"; };
		5B23F9011EC02DC000F24EC9 /* Info.plist */ = {isa = PBXFileReference; lastKnownFileType = text.plist.xml; path = Info.plist; sourceTree = "<group>"; };
		5B23F90F1EC03AD200F24EC9 /* SignupViewController.swift */ = {isa = PBXFileReference; fileEncoding = 4; lastKnownFileType = sourcecode.swift; path = SignupViewController.swift; sourceTree = "<group>"; };
		5B8869431EC04598005A52BA /* HomeViewController.swift */ = {isa = PBXFileReference; fileEncoding = 4; lastKnownFileType = sourcecode.swift; path = HomeViewController.swift; sourceTree = "<group>"; };
		5B8869451EC048B4005A52BA /* VerifyEmailViewController.swift */ = {isa = PBXFileReference; fileEncoding = 4; lastKnownFileType = sourcecode.swift; path = VerifyEmailViewController.swift; sourceTree = "<group>"; };
		5B8869491EC048F6005A52BA /* ProfileSetupViewController.swift */ = {isa = PBXFileReference; fileEncoding = 4; lastKnownFileType = sourcecode.swift; path = ProfileSetupViewController.swift; sourceTree = "<group>"; };
/* End PBXFileReference section */

/* Begin PBXFrameworksBuildPhase section */
		5B23F8D91EC02DC000F24EC9 /* Frameworks */ = {
			isa = PBXFrameworksBuildPhase;
			buildActionMask = 2147483647;
			files = (
			);
			runOnlyForDeploymentPostprocessing = 0;
		};
		5B23F8ED1EC02DC000F24EC9 /* Frameworks */ = {
			isa = PBXFrameworksBuildPhase;
			buildActionMask = 2147483647;
			files = (
			);
			runOnlyForDeploymentPostprocessing = 0;
		};
		5B23F8F81EC02DC000F24EC9 /* Frameworks */ = {
			isa = PBXFrameworksBuildPhase;
			buildActionMask = 2147483647;
			files = (
			);
			runOnlyForDeploymentPostprocessing = 0;
		};
/* End PBXFrameworksBuildPhase section */

/* Begin PBXGroup section */
		5B23F8D31EC02DC000F24EC9 = {
			isa = PBXGroup;
			children = (
				5B8869491EC048F6005A52BA /* ProfileSetupViewController.swift */,
				5B23F8DE1EC02DC000F24EC9 /* FirstStep */,
				5B23F8F31EC02DC000F24EC9 /* FirstStepTests */,
				5B23F8FE1EC02DC000F24EC9 /* FirstStepUITests */,
				5B23F8DD1EC02DC000F24EC9 /* Products */,
			);
			sourceTree = "<group>";
		};
		5B23F8DD1EC02DC000F24EC9 /* Products */ = {
			isa = PBXGroup;
			children = (
				5B23F8DC1EC02DC000F24EC9 /* FirstStep.app */,
				5B23F8F01EC02DC000F24EC9 /* FirstStepTests.xctest */,
				5B23F8FB1EC02DC000F24EC9 /* FirstStepUITests.xctest */,
			);
			name = Products;
			sourceTree = "<group>";
		};
		5B23F8DE1EC02DC000F24EC9 /* FirstStep */ = {
			isa = PBXGroup;
			children = (
				5B23F8DF1EC02DC000F24EC9 /* AppDelegate.swift */,
				5B23F8E11EC02DC000F24EC9 /* ViewController.swift */,
				5B23F8E31EC02DC000F24EC9 /* Main.storyboard */,
				3FDC93051ECA7CDF00A5CF96 /* NewLoginViewController.swift */,
				5B8869451EC048B4005A52BA /* VerifyEmailViewController.swift */,
				5B8869431EC04598005A52BA /* HomeViewController.swift */,
				5B23F90F1EC03AD200F24EC9 /* SignupViewController.swift */,
				5B23F8E61EC02DC000F24EC9 /* Assets.xcassets */,
				5B23F8E81EC02DC000F24EC9 /* LaunchScreen.storyboard */,
				5B23F8EB1EC02DC000F24EC9 /* Info.plist */,
			);
			path = FirstStep;
			sourceTree = "<group>";
		};
		5B23F8F31EC02DC000F24EC9 /* FirstStepTests */ = {
			isa = PBXGroup;
			children = (
				5B23F8F41EC02DC000F24EC9 /* FirstStepTests.swift */,
				5B23F8F61EC02DC000F24EC9 /* Info.plist */,
			);
			path = FirstStepTests;
			sourceTree = "<group>";
		};
		5B23F8FE1EC02DC000F24EC9 /* FirstStepUITests */ = {
			isa = PBXGroup;
			children = (
				5B23F8FF1EC02DC000F24EC9 /* FirstStepUITests.swift */,
				5B23F9011EC02DC000F24EC9 /* Info.plist */,
			);
			path = FirstStepUITests;
			sourceTree = "<group>";
		};
/* End PBXGroup section */

/* Begin PBXNativeTarget section */
		5B23F8DB1EC02DC000F24EC9 /* FirstStep */ = {
			isa = PBXNativeTarget;
			buildConfigurationList = 5B23F9041EC02DC000F24EC9 /* Build configuration list for PBXNativeTarget "FirstStep" */;
			buildPhases = (
				5B23F8D81EC02DC000F24EC9 /* Sources */,
				5B23F8D91EC02DC000F24EC9 /* Frameworks */,
				5B23F8DA1EC02DC000F24EC9 /* Resources */,
			);
			buildRules = (
			);
			dependencies = (
			);
			name = FirstStep;
			productName = FirstStep;
			productReference = 5B23F8DC1EC02DC000F24EC9 /* FirstStep.app */;
			productType = "com.apple.product-type.application";
		};
		5B23F8EF1EC02DC000F24EC9 /* FirstStepTests */ = {
			isa = PBXNativeTarget;
			buildConfigurationList = 5B23F9071EC02DC000F24EC9 /* Build configuration list for PBXNativeTarget "FirstStepTests" */;
			buildPhases = (
				5B23F8EC1EC02DC000F24EC9 /* Sources */,
				5B23F8ED1EC02DC000F24EC9 /* Frameworks */,
				5B23F8EE1EC02DC000F24EC9 /* Resources */,
			);
			buildRules = (
			);
			dependencies = (
				5B23F8F21EC02DC000F24EC9 /* PBXTargetDependency */,
			);
			name = FirstStepTests;
			productName = FirstStepTests;
			productReference = 5B23F8F01EC02DC000F24EC9 /* FirstStepTests.xctest */;
			productType = "com.apple.product-type.bundle.unit-test";
		};
		5B23F8FA1EC02DC000F24EC9 /* FirstStepUITests */ = {
			isa = PBXNativeTarget;
			buildConfigurationList = 5B23F90A1EC02DC000F24EC9 /* Build configuration list for PBXNativeTarget "FirstStepUITests" */;
			buildPhases = (
				5B23F8F71EC02DC000F24EC9 /* Sources */,
				5B23F8F81EC02DC000F24EC9 /* Frameworks */,
				5B23F8F91EC02DC000F24EC9 /* Resources */,
			);
			buildRules = (
			);
			dependencies = (
				5B23F8FD1EC02DC000F24EC9 /* PBXTargetDependency */,
			);
			name = FirstStepUITests;
			productName = FirstStepUITests;
			productReference = 5B23F8FB1EC02DC000F24EC9 /* FirstStepUITests.xctest */;
			productType = "com.apple.product-type.bundle.ui-testing";
		};
/* End PBXNativeTarget section */

/* Begin PBXProject section */
		5B23F8D41EC02DC000F24EC9 /* Project object */ = {
			isa = PBXProject;
			attributes = {
				LastSwiftUpdateCheck = 0830;
				LastUpgradeCheck = 0830;
				ORGANIZATIONNAME = rishindra;
				TargetAttributes = {
					5B23F8DB1EC02DC000F24EC9 = {
						CreatedOnToolsVersion = 8.3.2;
						ProvisioningStyle = Automatic;
					};
					5B23F8EF1EC02DC000F24EC9 = {
						CreatedOnToolsVersion = 8.3.2;
						ProvisioningStyle = Automatic;
						TestTargetID = 5B23F8DB1EC02DC000F24EC9;
					};
					5B23F8FA1EC02DC000F24EC9 = {
						CreatedOnToolsVersion = 8.3.2;
						ProvisioningStyle = Automatic;
						TestTargetID = 5B23F8DB1EC02DC000F24EC9;
					};
				};
			};
			buildConfigurationList = 5B23F8D71EC02DC000F24EC9 /* Build configuration list for PBXProject "FirstStep" */;
			compatibilityVersion = "Xcode 3.2";
			developmentRegion = English;
			hasScannedForEncodings = 0;
			knownRegions = (
				en,
				Base,
			);
			mainGroup = 5B23F8D31EC02DC000F24EC9;
			productRefGroup = 5B23F8DD1EC02DC000F24EC9 /* Products */;
			projectDirPath = "";
			projectRoot = "";
			targets = (
				5B23F8DB1EC02DC000F24EC9 /* FirstStep */,
				5B23F8EF1EC02DC000F24EC9 /* FirstStepTests */,
				5B23F8FA1EC02DC000F24EC9 /* FirstStepUITests */,
			);
		};
/* End PBXProject section */

/* Begin PBXResourcesBuildPhase section */
		5B23F8DA1EC02DC000F24EC9 /* Resources */ = {
			isa = PBXResourcesBuildPhase;
			buildActionMask = 2147483647;
			files = (
				5B23F8EA1EC02DC000F24EC9 /* LaunchScreen.storyboard in Resources */,
				5B23F8E71EC02DC000F24EC9 /* Assets.xcassets in Resources */,
				5B23F8E51EC02DC000F24EC9 /* Main.storyboard in Resources */,
			);
			runOnlyForDeploymentPostprocessing = 0;
		};
		5B23F8EE1EC02DC000F24EC9 /* Resources */ = {
			isa = PBXResourcesBuildPhase;
			buildActionMask = 2147483647;
			files = (
			);
			runOnlyForDeploymentPostprocessing = 0;
		};
		5B23F8F91EC02DC000F24EC9 /* Resources */ = {
			isa = PBXResourcesBuildPhase;
			buildActionMask = 2147483647;
			files = (
			);
			runOnlyForDeploymentPostprocessing = 0;
		};
/* End PBXResourcesBuildPhase section */

/* Begin PBXSourcesBuildPhase section */
		5B23F8D81EC02DC000F24EC9 /* Sources */ = {
			isa = PBXSourcesBuildPhase;
			buildActionMask = 2147483647;
			files = (
				5B8869441EC04598005A52BA /* HomeViewController.swift in Sources */,
				3FDC93061ECA7CDF00A5CF96 /* NewLoginViewController.swift in Sources */,
				5B23F8E21EC02DC000F24EC9 /* ViewController.swift in Sources */,
				5B23F9101EC03AD200F24EC9 /* SignupViewController.swift in Sources */,
				5B8869461EC048B4005A52BA /* VerifyEmailViewController.swift in Sources */,
				5B88694A1EC048F6005A52BA /* ProfileSetupViewController.swift in Sources */,
				5B23F8E01EC02DC000F24EC9 /* AppDelegate.swift in Sources */,
			);
			runOnlyForDeploymentPostprocessing = 0;
		};
		5B23F8EC1EC02DC000F24EC9 /* Sources */ = {
			isa = PBXSourcesBuildPhase;
			buildActionMask = 2147483647;
			files = (
				5B23F8F51EC02DC000F24EC9 /* FirstStepTests.swift in Sources */,
			);
			runOnlyForDeploymentPostprocessing = 0;
		};
		5B23F8F71EC02DC000F24EC9 /* Sources */ = {
			isa = PBXSourcesBuildPhase;
			buildActionMask = 2147483647;
			files = (
				5B23F9001EC02DC000F24EC9 /* FirstStepUITests.swift in Sources */,
			);
			runOnlyForDeploymentPostprocessing = 0;
		};
/* End PBXSourcesBuildPhase section */

/* Begin PBXTargetDependency section */
		5B23F8F21EC02DC000F24EC9 /* PBXTargetDependency */ = {
			isa = PBXTargetDependency;
			target = 5B23F8DB1EC02DC000F24EC9 /* FirstStep */;
			targetProxy = 5B23F8F11EC02DC000F24EC9 /* PBXContainerItemProxy */;
		};
		5B23F8FD1EC02DC000F24EC9 /* PBXTargetDependency */ = {
			isa = PBXTargetDependency;
			target = 5B23F8DB1EC02DC000F24EC9 /* FirstStep */;
			targetProxy = 5B23F8FC1EC02DC000F24EC9 /* PBXContainerItemProxy */;
		};
/* End PBXTargetDependency section */

/* Begin PBXVariantGroup section */
		5B23F8E31EC02DC000F24EC9 /* Main.storyboard */ = {
			isa = PBXVariantGroup;
			children = (
				5B23F8E41EC02DC000F24EC9 /* Base */,
			);
			name = Main.storyboard;
			sourceTree = "<group>";
		};
		5B23F8E81EC02DC000F24EC9 /* LaunchScreen.storyboard */ = {
			isa = PBXVariantGroup;
			children = (
				5B23F8E91EC02DC000F24EC9 /* Base */,
			);
			name = LaunchScreen.storyboard;
			sourceTree = "<group>";
		};
/* End PBXVariantGroup section */

/* Begin XCBuildConfiguration section */
		5B23F9021EC02DC000F24EC9 /* Debug */ = {
			isa = XCBuildConfiguration;
			buildSettings = {
				ALWAYS_SEARCH_USER_PATHS = NO;
				CLANG_ANALYZER_NONNULL = YES;
				CLANG_ANALYZER_NUMBER_OBJECT_CONVERSION = YES_AGGRESSIVE;
				CLANG_CXX_LANGUAGE_STANDARD = "gnu++0x";
				CLANG_CXX_LIBRARY = "libc++";
				CLANG_ENABLE_MODULES = YES;
				CLANG_ENABLE_OBJC_ARC = YES;
				CLANG_WARN_BOOL_CONVERSION = YES;
				CLANG_WARN_CONSTANT_CONVERSION = YES;
				CLANG_WARN_DIRECT_OBJC_ISA_USAGE = YES_ERROR;
				CLANG_WARN_DOCUMENTATION_COMMENTS = YES;
				CLANG_WARN_EMPTY_BODY = YES;
				CLANG_WARN_ENUM_CONVERSION = YES;
				CLANG_WARN_INFINITE_RECURSION = YES;
				CLANG_WARN_INT_CONVERSION = YES;
				CLANG_WARN_OBJC_ROOT_CLASS = YES_ERROR;
				CLANG_WARN_SUSPICIOUS_MOVE = YES;
				CLANG_WARN_UNREACHABLE_CODE = YES;
				CLANG_WARN__DUPLICATE_METHOD_MATCH = YES;
				"CODE_SIGN_IDENTITY[sdk=iphoneos*]" = "iPhone Developer";
				COPY_PHASE_STRIP = NO;
				DEBUG_INFORMATION_FORMAT = dwarf;
				ENABLE_STRICT_OBJC_MSGSEND = YES;
				ENABLE_TESTABILITY = YES;
				GCC_C_LANGUAGE_STANDARD = gnu99;
				GCC_DYNAMIC_NO_PIC = NO;
				GCC_NO_COMMON_BLOCKS = YES;
				GCC_OPTIMIZATION_LEVEL = 0;
				GCC_PREPROCESSOR_DEFINITIONS = (
					"DEBUG=1",
					"$(inherited)",
				);
				GCC_WARN_64_TO_32_BIT_CONVERSION = YES;
				GCC_WARN_ABOUT_RETURN_TYPE = YES_ERROR;
				GCC_WARN_UNDECLARED_SELECTOR = YES;
				GCC_WARN_UNINITIALIZED_AUTOS = YES_AGGRESSIVE;
				GCC_WARN_UNUSED_FUNCTION = YES;
				GCC_WARN_UNUSED_VARIABLE = YES;
				IPHONEOS_DEPLOYMENT_TARGET = 10.3;
				MTL_ENABLE_DEBUG_INFO = YES;
				ONLY_ACTIVE_ARCH = YES;
				SDKROOT = iphoneos;
				SWIFT_ACTIVE_COMPILATION_CONDITIONS = DEBUG;
				SWIFT_OPTIMIZATION_LEVEL = "-Onone";
			};
			name = Debug;
		};
		5B23F9031EC02DC000F24EC9 /* Release */ = {
			isa = XCBuildConfiguration;
			buildSettings = {
				ALWAYS_SEARCH_USER_PATHS = NO;
				CLANG_ANALYZER_NONNULL = YES;
				CLANG_ANALYZER_NUMBER_OBJECT_CONVERSION = YES_AGGRESSIVE;
				CLANG_CXX_LANGUAGE_STANDARD = "gnu++0x";
				CLANG_CXX_LIBRARY = "libc++";
				CLANG_ENABLE_MODULES = YES;
				CLANG_ENABLE_OBJC_ARC = YES;
				CLANG_WARN_BOOL_CONVERSION = YES;
				CLANG_WARN_CONSTANT_CONVERSION = YES;
				CLANG_WARN_DIRECT_OBJC_ISA_USAGE = YES_ERROR;
				CLANG_WARN_DOCUMENTATION_COMMENTS = YES;
				CLANG_WARN_EMPTY_BODY = YES;
				CLANG_WARN_ENUM_CONVERSION = YES;
				CLANG_WARN_INFINITE_RECURSION = YES;
				CLANG_WARN_INT_CONVERSION = YES;
				CLANG_WARN_OBJC_ROOT_CLASS = YES_ERROR;
				CLANG_WARN_SUSPICIOUS_MOVE = YES;
				CLANG_WARN_UNREACHABLE_CODE = YES;
				CLANG_WARN__DUPLICATE_METHOD_MATCH = YES;
				"CODE_SIGN_IDENTITY[sdk=iphoneos*]" = "iPhone Developer";
				COPY_PHASE_STRIP = NO;
				DEBUG_INFORMATION_FORMAT = "dwarf-with-dsym";
				ENABLE_NS_ASSERTIONS = NO;
				ENABLE_STRICT_OBJC_MSGSEND = YES;
				GCC_C_LANGUAGE_STANDARD = gnu99;
				GCC_NO_COMMON_BLOCKS = YES;
				GCC_WARN_64_TO_32_BIT_CONVERSION = YES;
				GCC_WARN_ABOUT_RETURN_TYPE = YES_ERROR;
				GCC_WARN_UNDECLARED_SELECTOR = YES;
				GCC_WARN_UNINITIALIZED_AUTOS = YES_AGGRESSIVE;
				GCC_WARN_UNUSED_FUNCTION = YES;
				GCC_WARN_UNUSED_VARIABLE = YES;
				IPHONEOS_DEPLOYMENT_TARGET = 10.3;
				MTL_ENABLE_DEBUG_INFO = NO;
				SDKROOT = iphoneos;
				SWIFT_OPTIMIZATION_LEVEL = "-Owholemodule";
				VALIDATE_PRODUCT = YES;
			};
			name = Release;
		};
		5B23F9051EC02DC000F24EC9 /* Debug */ = {
			isa = XCBuildConfiguration;
			buildSettings = {
				ASSETCATALOG_COMPILER_APPICON_NAME = AppIcon;
				INFOPLIST_FILE = FirstStep/Info.plist;
				LD_RUNPATH_SEARCH_PATHS = "$(inherited) @executable_path/Frameworks";
				PRODUCT_BUNDLE_IDENTIFIER = com.rishindra.FirstStep.FirstStep;
				PRODUCT_NAME = "$(TARGET_NAME)";
				SWIFT_VERSION = 3.0;
			};
			name = Debug;
		};
		5B23F9061EC02DC000F24EC9 /* Release */ = {
			isa = XCBuildConfiguration;
			buildSettings = {
				ASSETCATALOG_COMPILER_APPICON_NAME = AppIcon;
				INFOPLIST_FILE = FirstStep/Info.plist;
				LD_RUNPATH_SEARCH_PATHS = "$(inherited) @executable_path/Frameworks";
				PRODUCT_BUNDLE_IDENTIFIER = com.rishindra.FirstStep.FirstStep;
				PRODUCT_NAME = "$(TARGET_NAME)";
				SWIFT_VERSION = 3.0;
			};
			name = Release;
		};
		5B23F9081EC02DC000F24EC9 /* Debug */ = {
			isa = XCBuildConfiguration;
			buildSettings = {
				ALWAYS_EMBED_SWIFT_STANDARD_LIBRARIES = YES;
				BUNDLE_LOADER = "$(TEST_HOST)";
				INFOPLIST_FILE = FirstStepTests/Info.plist;
				LD_RUNPATH_SEARCH_PATHS = "$(inherited) @executable_path/Frameworks @loader_path/Frameworks";
				PRODUCT_BUNDLE_IDENTIFIER = com.rishindra.FirstStep.FirstStepTests;
				PRODUCT_NAME = "$(TARGET_NAME)";
				SWIFT_VERSION = 3.0;
				TEST_HOST = "$(BUILT_PRODUCTS_DIR)/FirstStep.app/FirstStep";
			};
			name = Debug;
		};
		5B23F9091EC02DC000F24EC9 /* Release */ = {
			isa = XCBuildConfiguration;
			buildSettings = {
				ALWAYS_EMBED_SWIFT_STANDARD_LIBRARIES = YES;
				BUNDLE_LOADER = "$(TEST_HOST)";
				INFOPLIST_FILE = FirstStepTests/Info.plist;
				LD_RUNPATH_SEARCH_PATHS = "$(inherited) @executable_path/Frameworks @loader_path/Frameworks";
				PRODUCT_BUNDLE_IDENTIFIER = com.rishindra.FirstStep.FirstStepTests;
				PRODUCT_NAME = "$(TARGET_NAME)";
				SWIFT_VERSION = 3.0;
				TEST_HOST = "$(BUILT_PRODUCTS_DIR)/FirstStep.app/FirstStep";
			};
			name = Release;
		};
		5B23F90B1EC02DC000F24EC9 /* Debug */ = {
			isa = XCBuildConfiguration;
			buildSettings = {
				ALWAYS_EMBED_SWIFT_STANDARD_LIBRARIES = YES;
				INFOPLIST_FILE = FirstStepUITests/Info.plist;
				LD_RUNPATH_SEARCH_PATHS = "$(inherited) @executable_path/Frameworks @loader_path/Frameworks";
				PRODUCT_BUNDLE_IDENTIFIER = com.rishindra.FirstStep.FirstStepUITests;
				PRODUCT_NAME = "$(TARGET_NAME)";
				SWIFT_VERSION = 3.0;
				TEST_TARGET_NAME = FirstStep;
			};
			name = Debug;
		};
		5B23F90C1EC02DC000F24EC9 /* Release */ = {
			isa = XCBuildConfiguration;
			buildSettings = {
				ALWAYS_EMBED_SWIFT_STANDARD_LIBRARIES = YES;
				INFOPLIST_FILE = FirstStepUITests/Info.plist;
				LD_RUNPATH_SEARCH_PATHS = "$(inherited) @executable_path/Frameworks @loader_path/Frameworks";
				PRODUCT_BUNDLE_IDENTIFIER = com.rishindra.FirstStep.FirstStepUITests;
				PRODUCT_NAME = "$(TARGET_NAME)";
				SWIFT_VERSION = 3.0;
				TEST_TARGET_NAME = FirstStep;
			};
			name = Release;
		};
/* End XCBuildConfiguration section */

/* Begin XCConfigurationList section */
		5B23F8D71EC02DC000F24EC9 /* Build configuration list for PBXProject "FirstStep" */ = {
			isa = XCConfigurationList;
			buildConfigurations = (
				5B23F9021EC02DC000F24EC9 /* Debug */,
				5B23F9031EC02DC000F24EC9 /* Release */,
			);
			defaultConfigurationIsVisible = 0;
			defaultConfigurationName = Release;
		};
		5B23F9041EC02DC000F24EC9 /* Build configuration list for PBXNativeTarget "FirstStep" */ = {
			isa = XCConfigurationList;
			buildConfigurations = (
				5B23F9051EC02DC000F24EC9 /* Debug */,
				5B23F9061EC02DC000F24EC9 /* Release */,
			);
			defaultConfigurationIsVisible = 0;
			defaultConfigurationName = Release;
		};
		5B23F9071EC02DC000F24EC9 /* Build configuration list for PBXNativeTarget "FirstStepTests" */ = {
			isa = XCConfigurationList;
			buildConfigurations = (
				5B23F9081EC02DC000F24EC9 /* Debug */,
				5B23F9091EC02DC000F24EC9 /* Release */,
			);
			defaultConfigurationIsVisible = 0;
			defaultConfigurationName = Release;
		};
		5B23F90A1EC02DC000F24EC9 /* Build configuration list for PBXNativeTarget "FirstStepUITests" */ = {
			isa = XCConfigurationList;
			buildConfigurations = (
				5B23F90B1EC02DC000F24EC9 /* Debug */,
				5B23F90C1EC02DC000F24EC9 /* Release */,
			);
			defaultConfigurationIsVisible = 0;
			defaultConfigurationName = Release;
		};
/* End XCConfigurationList section */
	};
	rootObject = 5B23F8D41EC02DC000F24EC9 /* Project object */;
}
